// !$*UTF8*$!
{
	archiveVersion = 1;
	classes = {
	};
	objectVersion = 45;
	objects = {

/* Begin PBXBuildFile section */
		1D3623260D0F684500981E51 /* dEngineAppDelegate.m in Sources */ = {isa = PBXBuildFile; fileRef = 1D3623250D0F684500981E51 /* dEngineAppDelegate.m */; };
		1D60589B0D05DD56006BFB54 /* main.m in Sources */ = {isa = PBXBuildFile; fileRef = 29B97316FDCFA39411CA2CEA /* main.m */; };
		1D60589F0D05DD5A006BFB54 /* Foundation.framework in Frameworks */ = {isa = PBXBuildFile; fileRef = 1D30AB110D05D00D00671497 /* Foundation.framework */; };
		1DF5F4E00D08C38300B7A737 /* UIKit.framework in Frameworks */ = {isa = PBXBuildFile; fileRef = 1DF5F4DF0D08C38300B7A737 /* UIKit.framework */; };
		28AD733F0D9D9553002E5188 /* MainWindow.xib in Resources */ = {isa = PBXBuildFile; fileRef = 28AD733E0D9D9553002E5188 /* MainWindow.xib */; };
		28FD14FE0DC6FC130079059D /* EAGLView.m in Sources */ = {isa = PBXBuildFile; fileRef = 28FD14FD0DC6FC130079059D /* EAGLView.m */; };
		28FD15000DC6FC520079059D /* OpenGLES.framework in Frameworks */ = {isa = PBXBuildFile; fileRef = 28FD14FF0DC6FC520079059D /* OpenGLES.framework */; };
		28FD15080DC6FC5B0079059D /* QuartzCore.framework in Frameworks */ = {isa = PBXBuildFile; fileRef = 28FD15070DC6FC5B0079059D /* QuartzCore.framework */; };
		2D18CDD7106B44210028DF35 /* material.c in Sources */ = {isa = PBXBuildFile; fileRef = 2D18CDD6106B44210028DF35 /* material.c */; };
		2D2D554C10435D2100BEDC6E /* world.c in Sources */ = {isa = PBXBuildFile; fileRef = 2D2D554B10435D2100BEDC6E /* world.c */; };
		2D3D3F011048CF61009EA80A /* md5model.c in Sources */ = {isa = PBXBuildFile; fileRef = 2D3D3F001048CF61009EA80A /* md5model.c */; };
		2D55CBD4102FDEAC00F3DC3F /* md5anim.c in Sources */ = {isa = PBXBuildFile; fileRef = 2D55CBD3102FDEAC00F3DC3F /* md5anim.c */; };
		2D55CBD8102FDECF00F3DC3F /* math.c in Sources */ = {isa = PBXBuildFile; fileRef = 2D55CBD7102FDECF00F3DC3F /* math.c */; };
		2D55CC01102FE43100F3DC3F /* quaternion.c in Sources */ = {isa = PBXBuildFile; fileRef = 2D55CC00102FE43100F3DC3F /* quaternion.c */; };
		2D55CC37102FEA8B00F3DC3F /* renderer.c in Sources */ = {isa = PBXBuildFile; fileRef = 2D55CC36102FEA8B00F3DC3F /* renderer.c */; };
		2D62C82C10801FA6002411C3 /* commands.c in Sources */ = {isa = PBXBuildFile; fileRef = 2D62C82B10801FA6002411C3 /* commands.c */; };
		2D689668103107EF00308FF1 /* filesystem.c in Sources */ = {isa = PBXBuildFile; fileRef = 2D689667103107EF00308FF1 /* filesystem.c */; };
		2D73EF65107AAF44007A8E4B /* Entitlements.plist in Resources */ = {isa = PBXBuildFile; fileRef = 2D73EF64107AAF44007A8E4B /* Entitlements.plist */; };
		2D73F11D107AC556007A8E4B /* data in Resources */ = {isa = PBXBuildFile; fileRef = 2D73F03B107AC555007A8E4B /* data */; };
		2D7C75021037705600EAF594 /* camera.c in Sources */ = {isa = PBXBuildFile; fileRef = 2D7C75011037705600EAF594 /* camera.c */; };
		2D7C782910378FBC00EAF594 /* timer.c in Sources */ = {isa = PBXBuildFile; fileRef = 2D7C782810378FBC00EAF594 /* timer.c */; };
		2D7C786D1037942400EAF594 /* doom3.png in Resources */ = {isa = PBXBuildFile; fileRef = 2D7C786C1037942400EAF594 /* doom3.png */; };
		2D80547F103928C100DCD54A /* font.c in Sources */ = {isa = PBXBuildFile; fileRef = 2D80547E103928C100DCD54A /* font.c */; };
		2D9AE35A105D918800414FB2 /* config.c in Sources */ = {isa = PBXBuildFile; fileRef = 2D9AE359105D918800414FB2 /* config.c */; };
		2DAF70111079544200FDD8CA /* Default.png in Resources */ = {isa = PBXBuildFile; fileRef = 2DAF70101079544200FDD8CA /* Default.png */; };
		2DAF72F210795BEA00FDD8CA /* Settings.bundle in Resources */ = {isa = PBXBuildFile; fileRef = 2DAF72F110795BEA00FDD8CA /* Settings.bundle */; };
		2DBC744E105A084F00104164 /* entities.c in Sources */ = {isa = PBXBuildFile; fileRef = 2DBC744D105A084F00104164 /* entities.c */; };
		2DEFC016106C4D250037EC3E /* lexer.c in Sources */ = {isa = PBXBuildFile; fileRef = 2DEFC015106C4D250037EC3E /* lexer.c */; };
		2DEFC066106C5D050037EC3E /* obj.c in Sources */ = {isa = PBXBuildFile; fileRef = 2DEFC065106C5D050037EC3E /* obj.c */; };
		2DF29C291299A38300C9583F /* MainWindow-iPad.xib in Resources */ = {isa = PBXBuildFile; fileRef = 2DF29C281299A38300C9583F /* MainWindow-iPad.xib */; };
		2DF347D7102F5FCA0052FFFF /* dEngine.c in Sources */ = {isa = PBXBuildFile; fileRef = 2DF347D6102F5FCA0052FFFF /* dEngine.c */; };
		2DF347EB102F61200052FFFF /* matrix.c in Sources */ = {isa = PBXBuildFile; fileRef = 2DF347EA102F61200052FFFF /* matrix.c */; };
		2DF34820102F62BC0052FFFF /* renderer_fixed.c in Sources */ = {isa = PBXBuildFile; fileRef = 2DF3481F102F62BC0052FFFF /* renderer_fixed.c */; };
		2DF34823102F62CC0052FFFF /* renderer_progr.c in Sources */ = {isa = PBXBuildFile; fileRef = 2DF34822102F62CC0052FFFF /* renderer_progr.c */; };
		2DF362A71037C88B00020D05 /* texture.c in Sources */ = {isa = PBXBuildFile; fileRef = 2DF362A61037C88B00020D05 /* texture.c */; };
		2DF363451037D70500020D05 /* CoreGraphics.framework in Frameworks */ = {isa = PBXBuildFile; fileRef = 2DF363441037D70500020D05 /* CoreGraphics.framework */; };
		2DF3646B1037E58B00020D05 /* ItextureLoader.c in Sources */ = {isa = PBXBuildFile; fileRef = 2DF3646A1037E58B00020D05 /* ItextureLoader.c */; };
		2DF3677A1038996B00020D05 /* stats.c in Sources */ = {isa = PBXBuildFile; fileRef = 2DF367791038996B00020D05 /* stats.c */; };
/* End PBXBuildFile section */

/* Begin PBXFileReference section */
		1D30AB110D05D00D00671497 /* Foundation.framework */ = {isa = PBXFileReference; lastKnownFileType = wrapper.framework; name = Foundation.framework; path = System/Library/Frameworks/Foundation.framework; sourceTree = SDKROOT; };
		1D3623240D0F684500981E51 /* dEngineAppDelegate.h */ = {isa = PBXFileReference; fileEncoding = 4; lastKnownFileType = sourcecode.c.h; path = dEngineAppDelegate.h; sourceTree = "<group>"; };
		1D3623250D0F684500981E51 /* dEngineAppDelegate.m */ = {isa = PBXFileReference; fileEncoding = 4; lastKnownFileType = sourcecode.c.objc; path = dEngineAppDelegate.m; sourceTree = "<group>"; };
		1D6058910D05DD3D006BFB54 /* dEngine.app */ = {isa = PBXFileReference; explicitFileType = wrapper.application; includeInIndex = 0; path = dEngine.app; sourceTree = BUILT_PRODUCTS_DIR; };
		1DF5F4DF0D08C38300B7A737 /* UIKit.framework */ = {isa = PBXFileReference; lastKnownFileType = wrapper.framework; name = UIKit.framework; path = System/Library/Frameworks/UIKit.framework; sourceTree = SDKROOT; };
		28AD733E0D9D9553002E5188 /* MainWindow.xib */ = {isa = PBXFileReference; lastKnownFileType = file.xib; path = MainWindow.xib; sourceTree = "<group>"; };
		28FD14FC0DC6FC130079059D /* EAGLView.h */ = {isa = PBXFileReference; fileEncoding = 4; lastKnownFileType = sourcecode.c.h; path = EAGLView.h; sourceTree = "<group>"; };
		28FD14FD0DC6FC130079059D /* EAGLView.m */ = {isa = PBXFileReference; fileEncoding = 4; lastKnownFileType = sourcecode.c.objc; path = EAGLView.m; sourceTree = "<group>"; };
		28FD14FF0DC6FC520079059D /* OpenGLES.framework */ = {isa = PBXFileReference; lastKnownFileType = wrapper.framework; name = OpenGLES.framework; path = System/Library/Frameworks/OpenGLES.framework; sourceTree = SDKROOT; };
		28FD15070DC6FC5B0079059D /* QuartzCore.framework */ = {isa = PBXFileReference; lastKnownFileType = wrapper.framework; name = QuartzCore.framework; path = System/Library/Frameworks/QuartzCore.framework; sourceTree = SDKROOT; };
		29B97316FDCFA39411CA2CEA /* main.m */ = {isa = PBXFileReference; fileEncoding = 4; lastKnownFileType = sourcecode.c.objc; path = main.m; sourceTree = "<group>"; };
		2D18CDD5106B44210028DF35 /* material.h */ = {isa = PBXFileReference; fileEncoding = 4; lastKnownFileType = sourcecode.c.h; path = material.h; sourceTree = "<group>"; };
		2D18CDD6106B44210028DF35 /* material.c */ = {isa = PBXFileReference; fileEncoding = 4; lastKnownFileType = sourcecode.c.c; path = material.c; sourceTree = "<group>"; };
		2D2D554A10435D2100BEDC6E /* world.h */ = {isa = PBXFileReference; fileEncoding = 4; lastKnownFileType = sourcecode.c.h; path = world.h; sourceTree = "<group>"; };
		2D2D554B10435D2100BEDC6E /* world.c */ = {isa = PBXFileReference; fileEncoding = 4; lastKnownFileType = sourcecode.c.c; path = world.c; sourceTree = "<group>"; };
		2D3D3F001048CF61009EA80A /* md5model.c */ = {isa = PBXFileReference; fileEncoding = 4; lastKnownFileType = sourcecode.c.c; path = md5model.c; sourceTree = "<group>"; };
		2D55CBD3102FDEAC00F3DC3F /* md5anim.c */ = {isa = PBXFileReference; fileEncoding = 4; lastKnownFileType = sourcecode.c.c; path = md5anim.c; sourceTree = "<group>"; };
		2D55CBD5102FDEBE00F3DC3F /* md5model.h */ = {isa = PBXFileReference; fileEncoding = 4; lastKnownFileType = sourcecode.c.h; path = md5model.h; sourceTree = "<group>"; };
		2D55CBD6102FDECF00F3DC3F /* math.h */ = {isa = PBXFileReference; fileEncoding = 4; lastKnownFileType = sourcecode.c.h; path = math.h; sourceTree = "<group>"; };
		2D55CBD7102FDECF00F3DC3F /* math.c */ = {isa = PBXFileReference; fileEncoding = 4; lastKnownFileType = sourcecode.c.c; path = math.c; sourceTree = "<group>"; };
		2D55CBFF102FE43100F3DC3F /* quaternion.h */ = {isa = PBXFileReference; fileEncoding = 4; lastKnownFileType = sourcecode.c.h; path = quaternion.h; sourceTree = "<group>"; };
		2D55CC00102FE43100F3DC3F /* quaternion.c */ = {isa = PBXFileReference; fileEncoding = 4; lastKnownFileType = sourcecode.c.c; path = quaternion.c; sourceTree = "<group>"; };
		2D55CC35102FEA8B00F3DC3F /* renderer.h */ = {isa = PBXFileReference; fileEncoding = 4; lastKnownFileType = sourcecode.c.h; path = renderer.h; sourceTree = "<group>"; };
		2D55CC36102FEA8B00F3DC3F /* renderer.c */ = {isa = PBXFileReference; fileEncoding = 4; lastKnownFileType = sourcecode.c.c; path = renderer.c; sourceTree = "<group>"; };
		2D62C82A10801FA6002411C3 /* commands.h */ = {isa = PBXFileReference; fileEncoding = 4; lastKnownFileType = sourcecode.c.h; path = commands.h; sourceTree = "<group>"; };
		2D62C82B10801FA6002411C3 /* commands.c */ = {isa = PBXFileReference; fileEncoding = 4; lastKnownFileType = sourcecode.c.c; path = commands.c; sourceTree = "<group>"; };
		2D689666103107EF00308FF1 /* filesystem.h */ = {isa = PBXFileReference; fileEncoding = 4; lastKnownFileType = sourcecode.c.h; path = filesystem.h; sourceTree = "<group>"; };
		2D689667103107EF00308FF1 /* filesystem.c */ = {isa = PBXFileReference; fileEncoding = 4; lastKnownFileType = sourcecode.c.c; path = filesystem.c; sourceTree = "<group>"; };
		2D73EF64107AAF44007A8E4B /* Entitlements.plist */ = {isa = PBXFileReference; fileEncoding = 4; lastKnownFileType = text.plist.xml; path = Entitlements.plist; sourceTree = "<group>"; };
		2D73F03B107AC555007A8E4B /* data */ = {isa = PBXFileReference; explicitFileType = folder; path = data; sourceTree = "<group>"; };
		2D7C75001037705600EAF594 /* camera.h */ = {isa = PBXFileReference; fileEncoding = 4; lastKnownFileType = sourcecode.c.h; path = camera.h; sourceTree = "<group>"; };
		2D7C75011037705600EAF594 /* camera.c */ = {isa = PBXFileReference; fileEncoding = 4; lastKnownFileType = sourcecode.c.c; path = camera.c; sourceTree = "<group>"; };
		2D7C782710378FBC00EAF594 /* timer.h */ = {isa = PBXFileReference; fileEncoding = 4; lastKnownFileType = sourcecode.c.h; path = timer.h; sourceTree = "<group>"; };
		2D7C782810378FBC00EAF594 /* timer.c */ = {isa = PBXFileReference; fileEncoding = 4; lastKnownFileType = sourcecode.c.c; path = timer.c; sourceTree = "<group>"; };
		2D7C786C1037942400EAF594 /* doom3.png */ = {isa = PBXFileReference; lastKnownFileType = image.png; path = doom3.png; sourceTree = "<group>"; };
		2D80547D103928C100DCD54A /* font.h */ = {isa = PBXFileReference; fileEncoding = 4; lastKnownFileType = sourcecode.c.h; path = font.h; sourceTree = "<group>"; };
		2D80547E103928C100DCD54A /* font.c */ = {isa = PBXFileReference; fileEncoding = 4; lastKnownFileType = sourcecode.c.c; path = font.c; sourceTree = "<group>"; };
		2D9AE358105D918800414FB2 /* config.h */ = {isa = PBXFileReference; fileEncoding = 4; lastKnownFileType = sourcecode.c.h; path = config.h; sourceTree = "<group>"; };
		2D9AE359105D918800414FB2 /* config.c */ = {isa = PBXFileReference; fileEncoding = 4; lastKnownFileType = sourcecode.c.c; path = config.c; sourceTree = "<group>"; };
		2DAF70101079544200FDD8CA /* Default.png */ = {isa = PBXFileReference; lastKnownFileType = image.png; path = Default.png; sourceTree = "<group>"; };
		2DAF72F110795BEA00FDD8CA /* Settings.bundle */ = {isa = PBXFileReference; lastKnownFileType = "wrapper.plug-in"; path = Settings.bundle; sourceTree = "<group>"; };
		2DBC744C105A084F00104164 /* entities.h */ = {isa = PBXFileReference; fileEncoding = 4; lastKnownFileType = sourcecode.c.h; path = entities.h; sourceTree = "<group>"; };
		2DBC744D105A084F00104164 /* entities.c */ = {isa = PBXFileReference; fileEncoding = 4; lastKnownFileType = sourcecode.c.c; path = entities.c; sourceTree = "<group>"; };
		2DEFC014106C4D250037EC3E /* lexer.h */ = {isa = PBXFileReference; fileEncoding = 4; lastKnownFileType = sourcecode.c.h; path = lexer.h; sourceTree = "<group>"; };
		2DEFC015106C4D250037EC3E /* lexer.c */ = {isa = PBXFileReference; fileEncoding = 4; lastKnownFileType = sourcecode.c.c; path = lexer.c; sourceTree = "<group>"; };
		2DEFC064106C5D050037EC3E /* obj.h */ = {isa = PBXFileReference; fileEncoding = 4; lastKnownFileType = sourcecode.c.h; path = obj.h; sourceTree = "<group>"; };
		2DEFC065106C5D050037EC3E /* obj.c */ = {isa = PBXFileReference; fileEncoding = 4; lastKnownFileType = sourcecode.c.c; path = obj.c; sourceTree = "<group>"; };
		2DF29C281299A38300C9583F /* MainWindow-iPad.xib */ = {isa = PBXFileReference; lastKnownFileType = file.xib; name = "MainWindow-iPad.xib"; path = "Resources-iPad/MainWindow-iPad.xib"; sourceTree = "<group>"; };
		2DF347D5102F5FCA0052FFFF /* dEngine.h */ = {isa = PBXFileReference; fileEncoding = 4; lastKnownFileType = sourcecode.c.h; path = dEngine.h; sourceTree = "<group>"; };
		2DF347D6102F5FCA0052FFFF /* dEngine.c */ = {isa = PBXFileReference; fileEncoding = 4; lastKnownFileType = sourcecode.c.c; path = dEngine.c; sourceTree = "<group>"; };
		2DF347E5102F60960052FFFF /* globals.h */ = {isa = PBXFileReference; fileEncoding = 4; lastKnownFileType = sourcecode.c.h; path = globals.h; sourceTree = "<group>"; };
		2DF347E9102F61200052FFFF /* matrix.h */ = {isa = PBXFileReference; fileEncoding = 4; lastKnownFileType = sourcecode.c.h; path = matrix.h; sourceTree = "<group>"; };
		2DF347EA102F61200052FFFF /* matrix.c */ = {isa = PBXFileReference; fileEncoding = 4; lastKnownFileType = sourcecode.c.c; path = matrix.c; sourceTree = "<group>"; };
		2DF3481E102F62BC0052FFFF /* renderer_fixed.h */ = {isa = PBXFileReference; fileEncoding = 4; lastKnownFileType = sourcecode.c.h; path = renderer_fixed.h; sourceTree = "<group>"; };
		2DF3481F102F62BC0052FFFF /* renderer_fixed.c */ = {isa = PBXFileReference; fileEncoding = 4; lastKnownFileType = sourcecode.c.c; path = renderer_fixed.c; sourceTree = "<group>"; };
		2DF34821102F62CC0052FFFF /* renderer_progr.h */ = {isa = PBXFileReference; fileEncoding = 4; lastKnownFileType = sourcecode.c.h; path = renderer_progr.h; sourceTree = "<group>"; };
		2DF34822102F62CC0052FFFF /* renderer_progr.c */ = {isa = PBXFileReference; explicitFileType = sourcecode.c.c; fileEncoding = 4; path = renderer_progr.c; sourceTree = "<group>"; };
		2DF362A21037C86F00020D05 /* ItextureLoader.h */ = {isa = PBXFileReference; fileEncoding = 4; lastKnownFileType = sourcecode.c.h; path = ItextureLoader.h; sourceTree = "<group>"; };
		2DF362A51037C88B00020D05 /* texture.h */ = {isa = PBXFileReference; fileEncoding = 4; lastKnownFileType = sourcecode.c.h; path = texture.h; sourceTree = "<group>"; };
		2DF362A61037C88B00020D05 /* texture.c */ = {isa = PBXFileReference; fileEncoding = 4; lastKnownFileType = sourcecode.c.c; path = texture.c; sourceTree = "<group>"; };
		2DF363441037D70500020D05 /* CoreGraphics.framework */ = {isa = PBXFileReference; lastKnownFileType = wrapper.framework; name = CoreGraphics.framework; path = System/Library/Frameworks/CoreGraphics.framework; sourceTree = SDKROOT; };
		2DF364691037E58B00020D05 /* ItextureLoader.h */ = {isa = PBXFileReference; fileEncoding = 4; lastKnownFileType = sourcecode.c.h; path = ItextureLoader.h; sourceTree = "<group>"; };
		2DF3646A1037E58B00020D05 /* ItextureLoader.c */ = {isa = PBXFileReference; fileEncoding = 4; lastKnownFileType = sourcecode.c.c; path = ItextureLoader.c; sourceTree = "<group>"; };
		2DF367781038996B00020D05 /* stats.h */ = {isa = PBXFileReference; fileEncoding = 4; lastKnownFileType = sourcecode.c.h; path = stats.h; sourceTree = "<group>"; };
		2DF367791038996B00020D05 /* stats.c */ = {isa = PBXFileReference; fileEncoding = 4; lastKnownFileType = sourcecode.c.c; path = stats.c; sourceTree = "<group>"; };
		32CA4F630368D1EE00C91783 /* dEngine_Prefix.pch */ = {isa = PBXFileReference; fileEncoding = 4; lastKnownFileType = sourcecode.c.h; path = dEngine_Prefix.pch; sourceTree = "<group>"; };
		8D1107310486CEB800E47090 /* dEngine-Info.plist */ = {isa = PBXFileReference; fileEncoding = 4; lastKnownFileType = text.plist.xml; path = "dEngine-Info.plist"; plistStructureDefinitionIdentifier = "com.apple.xcode.plist.structure-definition.iphone.info-plist"; sourceTree = "<group>"; };
/* End PBXFileReference section */

/* Begin PBXFrameworksBuildPhase section */
		1D60588F0D05DD3D006BFB54 /* Frameworks */ = {
			isa = PBXFrameworksBuildPhase;
			buildActionMask = 2147483647;
			files = (
				1D60589F0D05DD5A006BFB54 /* Foundation.framework in Frameworks */,
				1DF5F4E00D08C38300B7A737 /* UIKit.framework in Frameworks */,
				28FD15000DC6FC520079059D /* OpenGLES.framework in Frameworks */,
				28FD15080DC6FC5B0079059D /* QuartzCore.framework in Frameworks */,
				2DF363451037D70500020D05 /* CoreGraphics.framework in Frameworks */,
			);
			runOnlyForDeploymentPostprocessing = 0;
		};
/* End PBXFrameworksBuildPhase section */

/* Begin PBXGroup section */
		080E96DDFE201D6D7F000001 /* Classes */ = {
			isa = PBXGroup;
			children = (
				28FD14FC0DC6FC130079059D /* EAGLView.h */,
				28FD14FD0DC6FC130079059D /* EAGLView.m */,
				1D3623240D0F684500981E51 /* dEngineAppDelegate.h */,
				1D3623250D0F684500981E51 /* dEngineAppDelegate.m */,
			);
			path = Classes;
			sourceTree = "<group>";
		};
		19C28FACFE9D520D11CA2CBB /* Products */ = {
			isa = PBXGroup;
			children = (
				1D6058910D05DD3D006BFB54 /* dEngine.app */,
			);
			name = Products;
			sourceTree = "<group>";
		};
		29B97314FDCFA39411CA2CEA /* CustomTemplate */ = {
			isa = PBXGroup;
			children = (
				2DF347D2102F5F9C0052FFFF /* src */,
				080E96DDFE201D6D7F000001 /* Classes */,
				29B97315FDCFA39411CA2CEA /* Other Sources */,
				29B97317FDCFA39411CA2CEA /* Resources */,
				2DF29C271299A38200C9583F /* Resources-iPad */,
				29B97323FDCFA39411CA2CEA /* Frameworks */,
				19C28FACFE9D520D11CA2CBB /* Products */,
				2DAF72F110795BEA00FDD8CA /* Settings.bundle */,
			);
			name = CustomTemplate;
			sourceTree = "<group>";
		};
		29B97315FDCFA39411CA2CEA /* Other Sources */ = {
			isa = PBXGroup;
			children = (
				32CA4F630368D1EE00C91783 /* dEngine_Prefix.pch */,
				29B97316FDCFA39411CA2CEA /* main.m */,
			);
			name = "Other Sources";
			sourceTree = "<group>";
		};
		29B97317FDCFA39411CA2CEA /* Resources */ = {
			isa = PBXGroup;
			children = (
				2D73F03B107AC555007A8E4B /* data */,
				2DAF70101079544200FDD8CA /* Default.png */,
				2D7C786C1037942400EAF594 /* doom3.png */,
				28AD733E0D9D9553002E5188 /* MainWindow.xib */,
				8D1107310486CEB800E47090 /* dEngine-Info.plist */,
				2D73EF64107AAF44007A8E4B /* Entitlements.plist */,
			);
			name = Resources;
			sourceTree = "<group>";
		};
		29B97323FDCFA39411CA2CEA /* Frameworks */ = {
			isa = PBXGroup;
			children = (
				2DF363441037D70500020D05 /* CoreGraphics.framework */,
				28FD15070DC6FC5B0079059D /* QuartzCore.framework */,
				28FD14FF0DC6FC520079059D /* OpenGLES.framework */,
				1DF5F4DF0D08C38300B7A737 /* UIKit.framework */,
				1D30AB110D05D00D00671497 /* Foundation.framework */,
			);
			name = Frameworks;
			sourceTree = "<group>";
		};
		2D7C782D103790EB00EAF594 /* md5 */ = {
			isa = PBXGroup;
			children = (
				2D3D3F001048CF61009EA80A /* md5model.c */,
				2D55CBD3102FDEAC00F3DC3F /* md5anim.c */,
				2D55CBD5102FDEBE00F3DC3F /* md5model.h */,
			);
			name = md5;
			sourceTree = "<group>";
		};
		2D7E1FFF104E0BF000B10894 /* renderer */ = {
			isa = PBXGroup;
			children = (
				2DF3481E102F62BC0052FFFF /* renderer_fixed.h */,
				2DF3481F102F62BC0052FFFF /* renderer_fixed.c */,
				2DF34821102F62CC0052FFFF /* renderer_progr.h */,
				2DF34822102F62CC0052FFFF /* renderer_progr.c */,
				2D55CC35102FEA8B00F3DC3F /* renderer.h */,
				2D55CC36102FEA8B00F3DC3F /* renderer.c */,
			);
			name = renderer;
			sourceTree = "<group>";
		};
		2DBC744B105A084300104164 /* entities */ = {
			isa = PBXGroup;
			children = (
				2DBC744C105A084F00104164 /* entities.h */,
				2DBC744D105A084F00104164 /* entities.c */,
				2DEFC064106C5D050037EC3E /* obj.h */,
				2DEFC065106C5D050037EC3E /* obj.c */,
			);
			name = entities;
			sourceTree = "<group>";
		};
		2DF29C271299A38200C9583F /* Resources-iPad */ = {
			isa = PBXGroup;
			children = (
				2DF29C281299A38300C9583F /* MainWindow-iPad.xib */,
			);
			name = "Resources-iPad";
			sourceTree = "<group>";
		};
		2DF347D2102F5F9C0052FFFF /* src */ = {
			isa = PBXGroup;
			children = (
				2DBC744B105A084300104164 /* entities */,
				2D7E1FFF104E0BF000B10894 /* renderer */,
				2DF3679110389A7800020D05 /* utils */,
				2DF3679010389A5B00020D05 /* math */,
				2DF362A11037C85D00020D05 /* texture */,
				2D7C782D103790EB00EAF594 /* md5 */,
				2DF347D5102F5FCA0052FFFF /* dEngine.h */,
				2DF347D6102F5FCA0052FFFF /* dEngine.c */,
				2D7C75001037705600EAF594 /* camera.h */,
				2D7C75011037705600EAF594 /* camera.c */,
				2D2D554A10435D2100BEDC6E /* world.h */,
				2D2D554B10435D2100BEDC6E /* world.c */,
				2D9AE358105D918800414FB2 /* config.h */,
				2D9AE359105D918800414FB2 /* config.c */,
				2D62C82A10801FA6002411C3 /* commands.h */,
				2D62C82B10801FA6002411C3 /* commands.c */,
			);
			path = src;
			sourceTree = "<group>";
		};
		2DF362A11037C85D00020D05 /* texture */ = {
			isa = PBXGroup;
			children = (
				2DF362A21037C86F00020D05 /* ItextureLoader.h */,
				2DF362A51037C88B00020D05 /* texture.h */,
				2DF362A61037C88B00020D05 /* texture.c */,
				2DF364691037E58B00020D05 /* ItextureLoader.h */,
				2DF3646A1037E58B00020D05 /* ItextureLoader.c */,
				2D18CDD5106B44210028DF35 /* material.h */,
				2D18CDD6106B44210028DF35 /* material.c */,
			);
			name = texture;
			sourceTree = "<group>";
		};
		2DF3679010389A5B00020D05 /* math */ = {
			isa = PBXGroup;
			children = (
				2D55CBD6102FDECF00F3DC3F /* math.h */,
				2D55CBD7102FDECF00F3DC3F /* math.c */,
				2D55CBFF102FE43100F3DC3F /* quaternion.h */,
				2D55CC00102FE43100F3DC3F /* quaternion.c */,
				2DF347E9102F61200052FFFF /* matrix.h */,
				2DF347EA102F61200052FFFF /* matrix.c */,
			);
			name = math;
			sourceTree = "<group>";
		};
		2DF3679110389A7800020D05 /* utils */ = {
			isa = PBXGroup;
			children = (
				2DF367781038996B00020D05 /* stats.h */,
				2DF367791038996B00020D05 /* stats.c */,
				2DF347E5102F60960052FFFF /* globals.h */,
				2D689666103107EF00308FF1 /* filesystem.h */,
				2D689667103107EF00308FF1 /* filesystem.c */,
				2D7C782710378FBC00EAF594 /* timer.h */,
				2D7C782810378FBC00EAF594 /* timer.c */,
				2D80547D103928C100DCD54A /* font.h */,
				2D80547E103928C100DCD54A /* font.c */,
				2DEFC014106C4D250037EC3E /* lexer.h */,
				2DEFC015106C4D250037EC3E /* lexer.c */,
			);
			name = utils;
			sourceTree = "<group>";
		};
/* End PBXGroup section */

/* Begin PBXNativeTarget section */
		1D6058900D05DD3D006BFB54 /* dEngine */ = {
			isa = PBXNativeTarget;
			buildConfigurationList = 1D6058960D05DD3E006BFB54 /* Build configuration list for PBXNativeTarget "dEngine" */;
			buildPhases = (
				1D60588D0D05DD3D006BFB54 /* Resources */,
				2D1047FC106F2E0B00AD6056 /* Touch All in data */,
				2D73F2D8107C47F6007A8E4B /* Touch Data */,
				1D60588E0D05DD3D006BFB54 /* Sources */,
				1D60588F0D05DD3D006BFB54 /* Frameworks */,
			);
			buildRules = (
			);
			dependencies = (
			);
			name = dEngine;
			productName = dEngine;
			productReference = 1D6058910D05DD3D006BFB54 /* dEngine.app */;
			productType = "com.apple.product-type.application";
		};
/* End PBXNativeTarget section */

/* Begin PBXProject section */
		29B97313FDCFA39411CA2CEA /* Project object */ = {
			isa = PBXProject;
			buildConfigurationList = C01FCF4E08A954540054247B /* Build configuration list for PBXProject "dEngine" */;
			compatibilityVersion = "Xcode 3.1";
			developmentRegion = English;
			hasScannedForEncodings = 1;
			knownRegions = (
				English,
				Japanese,
				French,
				German,
			);
			mainGroup = 29B97314FDCFA39411CA2CEA /* CustomTemplate */;
			projectDirPath = "";
			projectRoot = "";
			targets = (
				1D6058900D05DD3D006BFB54 /* dEngine */,
			);
		};
/* End PBXProject section */

/* Begin PBXResourcesBuildPhase section */
		1D60588D0D05DD3D006BFB54 /* Resources */ = {
			isa = PBXResourcesBuildPhase;
			buildActionMask = 2147483647;
			files = (
				28AD733F0D9D9553002E5188 /* MainWindow.xib in Resources */,
				2D7C786D1037942400EAF594 /* doom3.png in Resources */,
				2DAF70111079544200FDD8CA /* Default.png in Resources */,
				2DAF72F210795BEA00FDD8CA /* Settings.bundle in Resources */,
				2D73EF65107AAF44007A8E4B /* Entitlements.plist in Resources */,
				2D73F11D107AC556007A8E4B /* data in Resources */,
				2DF29C291299A38300C9583F /* MainWindow-iPad.xib in Resources */,
			);
			runOnlyForDeploymentPostprocessing = 0;
		};
/* End PBXResourcesBuildPhase section */

/* Begin PBXShellScriptBuildPhase section */
		2D1047FC106F2E0B00AD6056 /* Touch All in data */ = {
			isa = PBXShellScriptBuildPhase;
			buildActionMask = 2147483647;
			files = (
			);
			inputPaths = (
			);
			name = "Touch All in data";
			outputPaths = (
			);
			runOnlyForDeploymentPostprocessing = 0;
			shellPath = /bin/sh;
			shellScript = "find ${SOURCE_ROOT}/data -exec touch -cam {} \\;";
		};
		2D73F2D8107C47F6007A8E4B /* Touch Data */ = {
			isa = PBXShellScriptBuildPhase;
			buildActionMask = 2147483647;
			files = (
			);
			inputPaths = (
			);
			name = "Touch Data";
			outputPaths = (
			);
			runOnlyForDeploymentPostprocessing = 0;
			shellPath = /bin/bash;
			shellScript = "touch -cam ${SOURCE_ROOT}/data";
		};
/* End PBXShellScriptBuildPhase section */

/* Begin PBXSourcesBuildPhase section */
		1D60588E0D05DD3D006BFB54 /* Sources */ = {
			isa = PBXSourcesBuildPhase;
			buildActionMask = 2147483647;
			files = (
				1D60589B0D05DD56006BFB54 /* main.m in Sources */,
				1D3623260D0F684500981E51 /* dEngineAppDelegate.m in Sources */,
				28FD14FE0DC6FC130079059D /* EAGLView.m in Sources */,
				2DF347D7102F5FCA0052FFFF /* dEngine.c in Sources */,
				2DF347EB102F61200052FFFF /* matrix.c in Sources */,
				2DF34820102F62BC0052FFFF /* renderer_fixed.c in Sources */,
				2DF34823102F62CC0052FFFF /* renderer_progr.c in Sources */,
				2D55CBD4102FDEAC00F3DC3F /* md5anim.c in Sources */,
				2D55CBD8102FDECF00F3DC3F /* math.c in Sources */,
				2D55CC01102FE43100F3DC3F /* quaternion.c in Sources */,
				2D55CC37102FEA8B00F3DC3F /* renderer.c in Sources */,
				2D689668103107EF00308FF1 /* filesystem.c in Sources */,
				2D7C75021037705600EAF594 /* camera.c in Sources */,
				2D7C782910378FBC00EAF594 /* timer.c in Sources */,
				2DF362A71037C88B00020D05 /* texture.c in Sources */,
				2DF3646B1037E58B00020D05 /* ItextureLoader.c in Sources */,
				2DF3677A1038996B00020D05 /* stats.c in Sources */,
				2D80547F103928C100DCD54A /* font.c in Sources */,
				2D2D554C10435D2100BEDC6E /* world.c in Sources */,
				2D3D3F011048CF61009EA80A /* md5model.c in Sources */,
				2DBC744E105A084F00104164 /* entities.c in Sources */,
				2D9AE35A105D918800414FB2 /* config.c in Sources */,
				2D18CDD7106B44210028DF35 /* material.c in Sources */,
				2DEFC016106C4D250037EC3E /* lexer.c in Sources */,
				2DEFC066106C5D050037EC3E /* obj.c in Sources */,
				2D62C82C10801FA6002411C3 /* commands.c in Sources */,
			);
			runOnlyForDeploymentPostprocessing = 0;
		};
/* End PBXSourcesBuildPhase section */

/* Begin XCBuildConfiguration section */
		1D6058940D05DD3E006BFB54 /* Debug */ = {
			isa = XCBuildConfiguration;
			buildSettings = {
				ALWAYS_SEARCH_USER_PATHS = NO;
				ARCHS = "$(ARCHS_STANDARD_32_BIT)";
				CODE_SIGN_IDENTITY = "iPhone Developer";
				"CODE_SIGN_IDENTITY[sdk=iphoneos*]" = "iPhone Developer";
				COPY_PHASE_STRIP = NO;
				GCC_DYNAMIC_NO_PIC = NO;
				GCC_OPTIMIZATION_LEVEL = 0;
				GCC_PRECOMPILE_PREFIX_HEADER = YES;
				GCC_PREFIX_HEADER = dEngine_Prefix.pch;
				"GCC_THUMB_SUPPORT[arch=armv6]" = "";
				INFOPLIST_FILE = "dEngine-Info.plist";
				IPHONEOS_DEPLOYMENT_TARGET = 4.2;
				PRODUCT_NAME = dEngine;
				PROVISIONING_PROFILE = "";
				"PROVISIONING_PROFILE[sdk=iphoneos*]" = "";
				SDKROOT = iphoneos;
				TARGETED_DEVICE_FAMILY = "1,2";
			};
			name = Debug;
		};
		1D6058950D05DD3E006BFB54 /* Release */ = {
			isa = XCBuildConfiguration;
			buildSettings = {
				ALWAYS_SEARCH_USER_PATHS = NO;
				ARCHS = "$(ARCHS_STANDARD_32_BIT)";
				CODE_SIGN_IDENTITY = "iPhone Developer";
				"CODE_SIGN_IDENTITY[sdk=iphoneos*]" = "iPhone Developer";
				COPY_PHASE_STRIP = YES;
				GCC_PRECOMPILE_PREFIX_HEADER = YES;
				GCC_PREFIX_HEADER = dEngine_Prefix.pch;
				"GCC_THUMB_SUPPORT[arch=armv6]" = "";
				INFOPLIST_FILE = "dEngine-Info.plist";
				IPHONEOS_DEPLOYMENT_TARGET = 4.2;
				IPHONE_OPTIMIZE_OPTIONS = "-skip-PNGs";
				PRODUCT_NAME = dEngine;
				PROVISIONING_PROFILE = "";
				"PROVISIONING_PROFILE[sdk=iphoneos*]" = "";
				SDKROOT = iphoneos;
				TARGETED_DEVICE_FAMILY = "1,2";
			};
			name = Release;
		};
		2D73EF40107AAEA0007A8E4B /* ad Hoc */ = {
			isa = XCBuildConfiguration;
			buildSettings = {
				ARCHS = "$(ARCHS_UNIVERSAL_IPHONE_OS)";
				"CODE_SIGN_IDENTITY[sdk=iphoneos*]" = "iPhone Distribution: Fabien Sanglard";
				GCC_AUTO_VECTORIZATION = YES;
				GCC_C_LANGUAGE_STANDARD = c99;
				GCC_PREPROCESSOR_DEFINITIONS = _ARM_ARCH_7;
				GCC_THUMB_SUPPORT = NO;
				GCC_WARN_ABOUT_RETURN_TYPE = YES;
				GCC_WARN_UNUSED_VARIABLE = YES;
				ONLY_ACTIVE_ARCH = NO;
				PREBINDING = NO;
				"PROVISIONING_PROFILE[sdk=iphoneos*]" = "94FEE18A-0F8A-4127-AA18-7545A4D65CDB";
				SDKROOT = iphoneos3.1;
			};
			name = "ad Hoc";
		};
		2D73EF41107AAEA0007A8E4B /* ad Hoc */ = {
			isa = XCBuildConfiguration;
			buildSettings = {
				ALWAYS_SEARCH_USER_PATHS = NO;
				ARCHS = "$(ARCHS_STANDARD_32_BIT)";
				COPY_PHASE_STRIP = YES;
				GCC_PRECOMPILE_PREFIX_HEADER = YES;
				GCC_PREFIX_HEADER = dEngine_Prefix.pch;
				"GCC_THUMB_SUPPORT[arch=armv6]" = "";
				INFOPLIST_FILE = "dEngine-Info.plist";
				IPHONEOS_DEPLOYMENT_TARGET = 3.2;
				PRODUCT_NAME = dEngine;
				SDKROOT = iphoneos;
				TARGETED_DEVICE_FAMILY = "1,2";
			};
			name = "ad Hoc";
		};
		C01FCF4F08A954540054247B /* Debug */ = {
			isa = XCBuildConfiguration;
			buildSettings = {
				ARCHS = "$(ARCHS_UNIVERSAL_IPHONE_OS)";
				"CODE_SIGN_IDENTITY[sdk=iphoneos*]" = "iPhone Developer";
				GCC_C_LANGUAGE_STANDARD = c99;
				GCC_PREPROCESSOR_DEFINITIONS = "";
				GCC_WARN_ABOUT_RETURN_TYPE = YES;
				GCC_WARN_UNUSED_VARIABLE = YES;
				INFOPLIST_PREPROCESSOR_DEFINITIONS = "";
				PREBINDING = NO;
				"PROVISIONING_PROFILE[sdk=iphoneos*]" = "";
				SDKROOT = iphoneos;
			};
			name = Debug;
		};
		C01FCF5008A954540054247B /* Release */ = {
			isa = XCBuildConfiguration;
			buildSettings = {
				ARCHS = "$(ARCHS_UNIVERSAL_IPHONE_OS)";
				CODE_SIGN_IDENTITY = "iPhone Developer";
				"CODE_SIGN_IDENTITY[sdk=iphoneos*]" = "";
				GCC_AUTO_VECTORIZATION = YES;
				GCC_C_LANGUAGE_STANDARD = c99;
				GCC_PREPROCESSOR_DEFINITIONS = "";
				GCC_THUMB_SUPPORT = NO;
				"GCC_THUMB_SUPPORT[arch=armv6]" = NO;
				"GCC_THUMB_SUPPORT[arch=armv7]" = YES;
				GCC_WARN_ABOUT_RETURN_TYPE = YES;
				GCC_WARN_UNUSED_VARIABLE = YES;
				IPHONEOS_DEPLOYMENT_TARGET = 4.2;
				ONLY_ACTIVE_ARCH = NO;
				PREBINDING = NO;
				PROVISIONING_PROFILE = "";
				SDKROOT = iphoneos4.2;
			};
			name = Release;
		};
/* End XCBuildConfiguration section */

/* Begin XCConfigurationList section */
		1D6058960D05DD3E006BFB54 /* Build configuration list for PBXNativeTarget "dEngine" */ = {
			isa = XCConfigurationList;
			buildConfigurations = (
				1D6058940D05DD3E006BFB54 /* Debug */,
				1D6058950D05DD3E006BFB54 /* Release */,
				2D73EF41107AAEA0007A8E4B /* ad Hoc */,
			);
			defaultConfigurationIsVisible = 0;
			defaultConfigurationName = Release;
		};
		C01FCF4E08A954540054247B /* Build configuration list for PBXProject "dEngine" */ = {
			isa = XCConfigurationList;
			buildConfigurations = (
				C01FCF4F08A954540054247B /* Debug */,
				C01FCF5008A954540054247B /* Release */,
				2D73EF40107AAEA0007A8E4B /* ad Hoc */,
			);
			defaultConfigurationIsVisible = 0;
			defaultConfigurationName = Release;
		};
/* End XCConfigurationList section */
	};
	rootObject = 29B97313FDCFA39411CA2CEA /* Project object */;
}
